
Microsoft Visual Studio Solution File, Format Version 12.00
# Visual Studio Version 16
VisualStudioVersion = 16.0.29609.76
MinimumVisualStudioVersion = 10.0.40219.1
Project("{FAE04EC0-301F-11D3-BF4B-00C04F79EFBC}") = "DreamJob", "DreamJob\DreamJob.csproj", "{4E2CF475-F5D5-4377-8BB1-821061A90FE8}"
EndProject
Global
	GlobalSection(SolutionConfigurationPlatforms) = preSolution
		Debug|Any CPU = Debug|Any CPU
		Release|Any CPU = Release|Any CPU
	EndGlobalSection
	GlobalSection(ProjectConfigurationPlatforms) = postSolution
		{4E2CF475-F5D5-4377-8BB1-821061A90FE8}.Debug|Any CPU.ActiveCfg = Debug|Any CPU
		{4E2CF475-F5D5-4377-8BB1-821061A90FE8}.Debug|Any CPU.Build.0 = Debug|Any CPU
		{4E2CF475-F5D5-4377-8BB1-821061A90FE8}.Release|Any CPU.ActiveCfg = Release|Any CPU
		{4E2CF475-F5D5-4377-8BB1-821061A90FE8}.Release|Any CPU.Build.0 = Release|Any CPU
	EndGlobalSection
	GlobalSection(SolutionProperties) = preSolution
		HideSolutionNode = FALSE
	EndGlobalSection
	GlobalSection(ExtensibilityGlobals) = postSolution
		SolutionGuid = {4E585241-7553-42DC-B102-539D0B67BCFB}
	EndGlobalSection
EndGlobal
